// !$*UTF8*$!
{
	archiveVersion = 1;
	classes = {
	};
	objectVersion = 56;
	objects = {

/* Begin PBXBuildFile section */
		C91802CF2AA0EA90000E9E4E /* ImagesListServiceTests.swift in Sources */ = {isa = PBXBuildFile; fileRef = C91802CE2AA0EA90000E9E4E /* ImagesListServiceTests.swift */; };
		C94222842A544CBD0005A92B /* AppDelegate.swift in Sources */ = {isa = PBXBuildFile; fileRef = C94222832A544CBD0005A92B /* AppDelegate.swift */; };
		C94222862A544CBD0005A92B /* SceneDelegate.swift in Sources */ = {isa = PBXBuildFile; fileRef = C94222852A544CBD0005A92B /* SceneDelegate.swift */; };
		C94222882A544CBD0005A92B /* ImagesListViewController.swift in Sources */ = {isa = PBXBuildFile; fileRef = C94222872A544CBD0005A92B /* ImagesListViewController.swift */; };
		C942228B2A544CBD0005A92B /* Main.storyboard in Resources */ = {isa = PBXBuildFile; fileRef = C94222892A544CBD0005A92B /* Main.storyboard */; };
		C942228D2A544CC30005A92B /* Assets.xcassets in Resources */ = {isa = PBXBuildFile; fileRef = C942228C2A544CC30005A92B /* Assets.xcassets */; };
		C94222902A544CC30005A92B /* LaunchScreen.storyboard in Resources */ = {isa = PBXBuildFile; fileRef = C942228E2A544CC30005A92B /* LaunchScreen.storyboard */; };
		C942229B2A54B70F0005A92B /* UIColor+Extension.swift in Sources */ = {isa = PBXBuildFile; fileRef = C942229A2A54B70F0005A92B /* UIColor+Extension.swift */; };
		C943F8312AA0D7CE0032E615 /* String+Extension.swift in Sources */ = {isa = PBXBuildFile; fileRef = C943F8302AA0D7CE0032E615 /* String+Extension.swift */; };
		C946407C2A785A90003215B3 /* Constants.swift in Sources */ = {isa = PBXBuildFile; fileRef = C946407B2A785A90003215B3 /* Constants.swift */; };
		C975511F2A98FC1100167354 /* Kingfisher in Frameworks */ = {isa = PBXBuildFile; productRef = C975511E2A98FC1100167354 /* Kingfisher */; };
		C97551222A9967A100167354 /* SwiftKeychainWrapper in Frameworks */ = {isa = PBXBuildFile; productRef = C97551212A9967A100167354 /* SwiftKeychainWrapper */; };
		C97551242A9A068700167354 /* TabBarController.swift in Sources */ = {isa = PBXBuildFile; fileRef = C97551232A9A068700167354 /* TabBarController.swift */; };
		C98A17B72A851EE3008FBD2A /* OAuthTokenResponseBody.swift in Sources */ = {isa = PBXBuildFile; fileRef = C98A17B62A851EE3008FBD2A /* OAuthTokenResponseBody.swift */; };
		C98A17BA2A851FBE008FBD2A /* OAuth2Service.swift in Sources */ = {isa = PBXBuildFile; fileRef = C98A17B92A851FBE008FBD2A /* OAuth2Service.swift */; };
		C98A17BC2A852094008FBD2A /* OAuth2TokenStorage.swift in Sources */ = {isa = PBXBuildFile; fileRef = C98A17BB2A852094008FBD2A /* OAuth2TokenStorage.swift */; };
		C98A17BF2A859505008FBD2A /* WebViewViewControllerDelegate.swift in Sources */ = {isa = PBXBuildFile; fileRef = C98A17BE2A859505008FBD2A /* WebViewViewControllerDelegate.swift */; };
		C98A17C12A85957B008FBD2A /* AuthViewControllerDelegate.swift in Sources */ = {isa = PBXBuildFile; fileRef = C98A17C02A85957B008FBD2A /* AuthViewControllerDelegate.swift */; };
		C98A17C42A859C28008FBD2A /* SplashViewController.swift in Sources */ = {isa = PBXBuildFile; fileRef = C98A17C32A859C28008FBD2A /* SplashViewController.swift */; };
		C9BA2A8C2A9FD1BD007ABA19 /* ImagesListService.swift in Sources */ = {isa = PBXBuildFile; fileRef = C9BA2A8B2A9FD1BD007ABA19 /* ImagesListService.swift */; };
		C9BA2A8E2A9FD2A7007ABA19 /* Photo.swift in Sources */ = {isa = PBXBuildFile; fileRef = C9BA2A8D2A9FD2A7007ABA19 /* Photo.swift */; };
		C9BA2A902A9FDBA8007ABA19 /* PhotoResult.swift in Sources */ = {isa = PBXBuildFile; fileRef = C9BA2A8F2A9FDBA8007ABA19 /* PhotoResult.swift */; };
		C9BA2A922A9FE387007ABA19 /* Date+Extension.swift in Sources */ = {isa = PBXBuildFile; fileRef = C9BA2A912A9FE387007ABA19 /* Date+Extension.swift */; };
		C9BD1E622A589CCA0052C9BD /* ImagesListCell.swift in Sources */ = {isa = PBXBuildFile; fileRef = C9BD1E612A589CCA0052C9BD /* ImagesListCell.swift */; };
		C9CF59222A8EBAD10050B833 /* ProgressHUD in Frameworks */ = {isa = PBXBuildFile; productRef = C9CF59212A8EBAD10050B833 /* ProgressHUD */; };
		C9CF59242A9024880050B833 /* UIBlockingProgressHUD.swift in Sources */ = {isa = PBXBuildFile; fileRef = C9CF59232A9024880050B833 /* UIBlockingProgressHUD.swift */; };
		C9CF59272A939A120050B833 /* ProfileService.swift in Sources */ = {isa = PBXBuildFile; fileRef = C9CF59262A939A120050B833 /* ProfileService.swift */; };
		C9CF59292A939B540050B833 /* ProfileResult.swift in Sources */ = {isa = PBXBuildFile; fileRef = C9CF59282A939B540050B833 /* ProfileResult.swift */; };
		C9CF592B2A939BE30050B833 /* Profile.swift in Sources */ = {isa = PBXBuildFile; fileRef = C9CF592A2A939BE30050B833 /* Profile.swift */; };
		C9CF592D2A93F9130050B833 /* URLRequest.swift in Sources */ = {isa = PBXBuildFile; fileRef = C9CF592C2A93F9130050B833 /* URLRequest.swift */; };
		C9CF592F2A93F9690050B833 /* URLSession.swift in Sources */ = {isa = PBXBuildFile; fileRef = C9CF592E2A93F9690050B833 /* URLSession.swift */; };
		C9D46BD42A94F50D00E6A93E /* ProfileImageService.swift in Sources */ = {isa = PBXBuildFile; fileRef = C9D46BD32A94F50D00E6A93E /* ProfileImageService.swift */; };
		C9D46BD62A94F55300E6A93E /* UserResult.swift in Sources */ = {isa = PBXBuildFile; fileRef = C9D46BD52A94F55300E6A93E /* UserResult.swift */; };
		C9F1C1EA2A8D130B00B77061 /* AlertModel.swift in Sources */ = {isa = PBXBuildFile; fileRef = C9F1C1E92A8D130B00B77061 /* AlertModel.swift */; };
		C9F1C1EC2A8D138300B77061 /* AlertPresenterProtocol.swift in Sources */ = {isa = PBXBuildFile; fileRef = C9F1C1EB2A8D138300B77061 /* AlertPresenterProtocol.swift */; };
		C9F1C1EF2A8D149D00B77061 /* AlertPresenter.swift in Sources */ = {isa = PBXBuildFile; fileRef = C9F1C1EE2A8D149D00B77061 /* AlertPresenter.swift */; };
		C9F1C1F12A8E1C2900B77061 /* RootNavigationController.swift in Sources */ = {isa = PBXBuildFile; fileRef = C9F1C1F02A8E1C2900B77061 /* RootNavigationController.swift */; };
		C9F38C002A7C516400C83E4A /* AuthViewController.swift in Sources */ = {isa = PBXBuildFile; fileRef = C9F38BFF2A7C516400C83E4A /* AuthViewController.swift */; };
		C9F38C032A828B0000C83E4A /* WebViewViewController.swift in Sources */ = {isa = PBXBuildFile; fileRef = C9F38C022A828B0000C83E4A /* WebViewViewController.swift */; };
		C9FFC1D12A6BDC4500C859BE /* ProfileViewController.swift in Sources */ = {isa = PBXBuildFile; fileRef = C9FFC1D02A6BDC4500C859BE /* ProfileViewController.swift */; };
		C9FFC1D32A6EDC1100C859BE /* SingleImageViewController.swift in Sources */ = {isa = PBXBuildFile; fileRef = C9FFC1D22A6EDC1100C859BE /* SingleImageViewController.swift */; };
/* End PBXBuildFile section */

/* Begin PBXContainerItemProxy section */
		C91802D02AA0EA90000E9E4E /* PBXContainerItemProxy */ = {
			isa = PBXContainerItemProxy;
			containerPortal = C94222782A544CBD0005A92B /* Project object */;
			proxyType = 1;
			remoteGlobalIDString = C942227F2A544CBD0005A92B;
			remoteInfo = ImageFeed;
		};
/* End PBXContainerItemProxy section */

/* Begin PBXFileReference section */
		C91802CC2AA0EA90000E9E4E /* ImagesListServiceTests.xctest */ = {isa = PBXFileReference; explicitFileType = wrapper.cfbundle; includeInIndex = 0; path = ImagesListServiceTests.xctest; sourceTree = BUILT_PRODUCTS_DIR; };
		C91802CE2AA0EA90000E9E4E /* ImagesListServiceTests.swift */ = {isa = PBXFileReference; lastKnownFileType = sourcecode.swift; path = ImagesListServiceTests.swift; sourceTree = "<group>"; };
		C94222802A544CBD0005A92B /* ImageFeed.app */ = {isa = PBXFileReference; explicitFileType = wrapper.application; includeInIndex = 0; path = ImageFeed.app; sourceTree = BUILT_PRODUCTS_DIR; };
		C94222832A544CBD0005A92B /* AppDelegate.swift */ = {isa = PBXFileReference; lastKnownFileType = sourcecode.swift; path = AppDelegate.swift; sourceTree = "<group>"; };
		C94222852A544CBD0005A92B /* SceneDelegate.swift */ = {isa = PBXFileReference; lastKnownFileType = sourcecode.swift; path = SceneDelegate.swift; sourceTree = "<group>"; };
		C94222872A544CBD0005A92B /* ImagesListViewController.swift */ = {isa = PBXFileReference; lastKnownFileType = sourcecode.swift; path = ImagesListViewController.swift; sourceTree = "<group>"; };
		C942228A2A544CBD0005A92B /* Base */ = {isa = PBXFileReference; lastKnownFileType = file.storyboard; name = Base; path = Base.lproj/Main.storyboard; sourceTree = "<group>"; };
		C942228C2A544CC30005A92B /* Assets.xcassets */ = {isa = PBXFileReference; lastKnownFileType = folder.assetcatalog; path = Assets.xcassets; sourceTree = "<group>"; };
		C942228F2A544CC30005A92B /* Base */ = {isa = PBXFileReference; lastKnownFileType = file.storyboard; name = Base; path = Base.lproj/LaunchScreen.storyboard; sourceTree = "<group>"; };
		C94222912A544CC30005A92B /* Info.plist */ = {isa = PBXFileReference; lastKnownFileType = text.plist.xml; path = Info.plist; sourceTree = "<group>"; };
		C942229A2A54B70F0005A92B /* UIColor+Extension.swift */ = {isa = PBXFileReference; lastKnownFileType = sourcecode.swift; path = "UIColor+Extension.swift"; sourceTree = "<group>"; };
		C943F8302AA0D7CE0032E615 /* String+Extension.swift */ = {isa = PBXFileReference; lastKnownFileType = sourcecode.swift; path = "String+Extension.swift"; sourceTree = "<group>"; };
		C946407B2A785A90003215B3 /* Constants.swift */ = {isa = PBXFileReference; lastKnownFileType = sourcecode.swift; path = Constants.swift; sourceTree = "<group>"; };
		C97551232A9A068700167354 /* TabBarController.swift */ = {isa = PBXFileReference; lastKnownFileType = sourcecode.swift; path = TabBarController.swift; sourceTree = "<group>"; };
		C98A17B62A851EE3008FBD2A /* OAuthTokenResponseBody.swift */ = {isa = PBXFileReference; lastKnownFileType = sourcecode.swift; path = OAuthTokenResponseBody.swift; sourceTree = "<group>"; };
		C98A17B92A851FBE008FBD2A /* OAuth2Service.swift */ = {isa = PBXFileReference; lastKnownFileType = sourcecode.swift; path = OAuth2Service.swift; sourceTree = "<group>"; };
		C98A17BB2A852094008FBD2A /* OAuth2TokenStorage.swift */ = {isa = PBXFileReference; lastKnownFileType = sourcecode.swift; path = OAuth2TokenStorage.swift; sourceTree = "<group>"; };
		C98A17BE2A859505008FBD2A /* WebViewViewControllerDelegate.swift */ = {isa = PBXFileReference; lastKnownFileType = sourcecode.swift; path = WebViewViewControllerDelegate.swift; sourceTree = "<group>"; };
		C98A17C02A85957B008FBD2A /* AuthViewControllerDelegate.swift */ = {isa = PBXFileReference; lastKnownFileType = sourcecode.swift; path = AuthViewControllerDelegate.swift; sourceTree = "<group>"; };
		C98A17C32A859C28008FBD2A /* SplashViewController.swift */ = {isa = PBXFileReference; lastKnownFileType = sourcecode.swift; path = SplashViewController.swift; sourceTree = "<group>"; };
		C9BA2A8B2A9FD1BD007ABA19 /* ImagesListService.swift */ = {isa = PBXFileReference; lastKnownFileType = sourcecode.swift; path = ImagesListService.swift; sourceTree = "<group>"; };
		C9BA2A8D2A9FD2A7007ABA19 /* Photo.swift */ = {isa = PBXFileReference; lastKnownFileType = sourcecode.swift; path = Photo.swift; sourceTree = "<group>"; };
		C9BA2A8F2A9FDBA8007ABA19 /* PhotoResult.swift */ = {isa = PBXFileReference; lastKnownFileType = sourcecode.swift; path = PhotoResult.swift; sourceTree = "<group>"; };
		C9BA2A912A9FE387007ABA19 /* Date+Extension.swift */ = {isa = PBXFileReference; lastKnownFileType = sourcecode.swift; path = "Date+Extension.swift"; sourceTree = "<group>"; };
		C9BD1E612A589CCA0052C9BD /* ImagesListCell.swift */ = {isa = PBXFileReference; lastKnownFileType = sourcecode.swift; path = ImagesListCell.swift; sourceTree = "<group>"; };
		C9CF59232A9024880050B833 /* UIBlockingProgressHUD.swift */ = {isa = PBXFileReference; lastKnownFileType = sourcecode.swift; path = UIBlockingProgressHUD.swift; sourceTree = "<group>"; };
		C9CF59262A939A120050B833 /* ProfileService.swift */ = {isa = PBXFileReference; lastKnownFileType = sourcecode.swift; path = ProfileService.swift; sourceTree = "<group>"; };
		C9CF59282A939B540050B833 /* ProfileResult.swift */ = {isa = PBXFileReference; lastKnownFileType = sourcecode.swift; path = ProfileResult.swift; sourceTree = "<group>"; };
		C9CF592A2A939BE30050B833 /* Profile.swift */ = {isa = PBXFileReference; lastKnownFileType = sourcecode.swift; path = Profile.swift; sourceTree = "<group>"; };
		C9CF592C2A93F9130050B833 /* URLRequest.swift */ = {isa = PBXFileReference; lastKnownFileType = sourcecode.swift; path = URLRequest.swift; sourceTree = "<group>"; };
		C9CF592E2A93F9690050B833 /* URLSession.swift */ = {isa = PBXFileReference; lastKnownFileType = sourcecode.swift; path = URLSession.swift; sourceTree = "<group>"; };
		C9D46BD32A94F50D00E6A93E /* ProfileImageService.swift */ = {isa = PBXFileReference; lastKnownFileType = sourcecode.swift; path = ProfileImageService.swift; sourceTree = "<group>"; };
		C9D46BD52A94F55300E6A93E /* UserResult.swift */ = {isa = PBXFileReference; lastKnownFileType = sourcecode.swift; path = UserResult.swift; sourceTree = "<group>"; };
		C9F1C1E92A8D130B00B77061 /* AlertModel.swift */ = {isa = PBXFileReference; lastKnownFileType = sourcecode.swift; path = AlertModel.swift; sourceTree = "<group>"; };
		C9F1C1EB2A8D138300B77061 /* AlertPresenterProtocol.swift */ = {isa = PBXFileReference; lastKnownFileType = sourcecode.swift; path = AlertPresenterProtocol.swift; sourceTree = "<group>"; };
		C9F1C1EE2A8D149D00B77061 /* AlertPresenter.swift */ = {isa = PBXFileReference; lastKnownFileType = sourcecode.swift; path = AlertPresenter.swift; sourceTree = "<group>"; };
		C9F1C1F02A8E1C2900B77061 /* RootNavigationController.swift */ = {isa = PBXFileReference; lastKnownFileType = sourcecode.swift; path = RootNavigationController.swift; sourceTree = "<group>"; };
		C9F38BFF2A7C516400C83E4A /* AuthViewController.swift */ = {isa = PBXFileReference; lastKnownFileType = sourcecode.swift; path = AuthViewController.swift; sourceTree = "<group>"; };
		C9F38C022A828B0000C83E4A /* WebViewViewController.swift */ = {isa = PBXFileReference; lastKnownFileType = sourcecode.swift; path = WebViewViewController.swift; sourceTree = "<group>"; };
		C9FFC1D02A6BDC4500C859BE /* ProfileViewController.swift */ = {isa = PBXFileReference; lastKnownFileType = sourcecode.swift; path = ProfileViewController.swift; sourceTree = "<group>"; };
		C9FFC1D22A6EDC1100C859BE /* SingleImageViewController.swift */ = {isa = PBXFileReference; lastKnownFileType = sourcecode.swift; path = SingleImageViewController.swift; sourceTree = "<group>"; };
/* End PBXFileReference section */

/* Begin PBXFrameworksBuildPhase section */
		C91802C92AA0EA90000E9E4E /* Frameworks */ = {
			isa = PBXFrameworksBuildPhase;
			buildActionMask = 2147483647;
			files = (
			);
			runOnlyForDeploymentPostprocessing = 0;
		};
		C942227D2A544CBD0005A92B /* Frameworks */ = {
			isa = PBXFrameworksBuildPhase;
			buildActionMask = 2147483647;
			files = (
				C975511F2A98FC1100167354 /* Kingfisher in Frameworks */,
				C9CF59222A8EBAD10050B833 /* ProgressHUD in Frameworks */,
				C97551222A9967A100167354 /* SwiftKeychainWrapper in Frameworks */,
			);
			runOnlyForDeploymentPostprocessing = 0;
		};
/* End PBXFrameworksBuildPhase section */

/* Begin PBXGroup section */
		C91802CD2AA0EA90000E9E4E /* ImagesListServiceTests */ = {
			isa = PBXGroup;
			children = (
				C91802CE2AA0EA90000E9E4E /* ImagesListServiceTests.swift */,
			);
			path = ImagesListServiceTests;
			sourceTree = "<group>";
		};
		C920FC1A2A596C280025F89B /* Resources */ = {
			isa = PBXGroup;
			children = (
				C942228C2A544CC30005A92B /* Assets.xcassets */,
				C942228E2A544CC30005A92B /* LaunchScreen.storyboard */,
			);
			path = Resources;
			sourceTree = "<group>";
		};
		C94222772A544CBD0005A92B = {
			isa = PBXGroup;
			children = (
				C94222822A544CBD0005A92B /* ImageFeed */,
				C91802CD2AA0EA90000E9E4E /* ImagesListServiceTests */,
				C94222812A544CBD0005A92B /* Products */,
			);
			sourceTree = "<group>";
		};
		C94222812A544CBD0005A92B /* Products */ = {
			isa = PBXGroup;
			children = (
				C94222802A544CBD0005A92B /* ImageFeed.app */,
				C91802CC2AA0EA90000E9E4E /* ImagesListServiceTests.xctest */,
			);
			name = Products;
			sourceTree = "<group>";
		};
		C94222822A544CBD0005A92B /* ImageFeed */ = {
			isa = PBXGroup;
			children = (
				C98A17B52A851EBF008FBD2A /* Models */,
				C9D46BD72A9659ED00E6A93E /* ViewControllers */,
				C98A17BD2A8594CA008FBD2A /* Services */,
				C920FC1A2A596C280025F89B /* Resources */,
				C94222992A54B6EA0005A92B /* Helpers */,
				C94222892A544CBD0005A92B /* Main.storyboard */,
				C946407B2A785A90003215B3 /* Constants.swift */,
				C94222832A544CBD0005A92B /* AppDelegate.swift */,
				C94222852A544CBD0005A92B /* SceneDelegate.swift */,
				C94222912A544CC30005A92B /* Info.plist */,
			);
			path = ImageFeed;
			sourceTree = "<group>";
		};
		C94222992A54B6EA0005A92B /* Helpers */ = {
			isa = PBXGroup;
			children = (
				C9BA2A912A9FE387007ABA19 /* Date+Extension.swift */,
				C943F8302AA0D7CE0032E615 /* String+Extension.swift */,
				C942229A2A54B70F0005A92B /* UIColor+Extension.swift */,
				C9CF592C2A93F9130050B833 /* URLRequest.swift */,
				C9CF592E2A93F9690050B833 /* URLSession.swift */,
			);
			path = Helpers;
			sourceTree = "<group>";
		};
		C98A17B52A851EBF008FBD2A /* Models */ = {
			isa = PBXGroup;
			children = (
				C98A17B62A851EE3008FBD2A /* OAuthTokenResponseBody.swift */,
				C9F1C1E92A8D130B00B77061 /* AlertModel.swift */,
				C9BA2A8D2A9FD2A7007ABA19 /* Photo.swift */,
				C9BA2A8F2A9FDBA8007ABA19 /* PhotoResult.swift */,
				C9CF59282A939B540050B833 /* ProfileResult.swift */,
				C9CF592A2A939BE30050B833 /* Profile.swift */,
				C9D46BD52A94F55300E6A93E /* UserResult.swift */,
			);
			path = Models;
			sourceTree = "<group>";
		};
		C98A17B82A851F8A008FBD2A /* OAuth2 */ = {
			isa = PBXGroup;
			children = (
				C98A17B92A851FBE008FBD2A /* OAuth2Service.swift */,
				C98A17BB2A852094008FBD2A /* OAuth2TokenStorage.swift */,
			);
			path = OAuth2;
			sourceTree = "<group>";
		};
		C98A17BD2A8594CA008FBD2A /* Services */ = {
			isa = PBXGroup;
			children = (
				C9F1C1ED2A8D144600B77061 /* AlertPresenter */,
				C9BD1E632A589CE70052C9BD /* ImagesList */,
				C98A17B82A851F8A008FBD2A /* OAuth2 */,
				C9CF59252A9399D40050B833 /* ProfileService */,
				C98A17C02A85957B008FBD2A /* AuthViewControllerDelegate.swift */,
				C9F1C1EB2A8D138300B77061 /* AlertPresenterProtocol.swift */,
				C9F1C1F02A8E1C2900B77061 /* RootNavigationController.swift */,
				C9CF59232A9024880050B833 /* UIBlockingProgressHUD.swift */,
				C98A17BE2A859505008FBD2A /* WebViewViewControllerDelegate.swift */,
			);
			path = Services;
			sourceTree = "<group>";
		};
		C9BD1E632A589CE70052C9BD /* ImagesList */ = {
			isa = PBXGroup;
			children = (
				C9BD1E612A589CCA0052C9BD /* ImagesListCell.swift */,
				C9BA2A8B2A9FD1BD007ABA19 /* ImagesListService.swift */,
			);
			path = ImagesList;
			sourceTree = "<group>";
		};
		C9CF59252A9399D40050B833 /* ProfileService */ = {
			isa = PBXGroup;
			children = (
				C9CF59262A939A120050B833 /* ProfileService.swift */,
				C9D46BD32A94F50D00E6A93E /* ProfileImageService.swift */,
			);
			path = ProfileService;
			sourceTree = "<group>";
		};
		C9D46BD72A9659ED00E6A93E /* ViewControllers */ = {
			isa = PBXGroup;
			children = (
				C9F38BFF2A7C516400C83E4A /* AuthViewController.swift */,
				C94222872A544CBD0005A92B /* ImagesListViewController.swift */,
				C9FFC1D02A6BDC4500C859BE /* ProfileViewController.swift */,
				C9FFC1D22A6EDC1100C859BE /* SingleImageViewController.swift */,
				C98A17C32A859C28008FBD2A /* SplashViewController.swift */,
				C97551232A9A068700167354 /* TabBarController.swift */,
				C9F38C022A828B0000C83E4A /* WebViewViewController.swift */,
			);
			path = ViewControllers;
			sourceTree = "<group>";
		};
		C9F1C1ED2A8D144600B77061 /* AlertPresenter */ = {
			isa = PBXGroup;
			children = (
				C9F1C1EE2A8D149D00B77061 /* AlertPresenter.swift */,
			);
			path = AlertPresenter;
			sourceTree = "<group>";
		};
/* End PBXGroup section */

/* Begin PBXNativeTarget section */
		C91802CB2AA0EA90000E9E4E /* ImagesListServiceTests */ = {
			isa = PBXNativeTarget;
			buildConfigurationList = C91802D22AA0EA90000E9E4E /* Build configuration list for PBXNativeTarget "ImagesListServiceTests" */;
			buildPhases = (
				C91802C82AA0EA90000E9E4E /* Sources */,
				C91802C92AA0EA90000E9E4E /* Frameworks */,
				C91802CA2AA0EA90000E9E4E /* Resources */,
			);
			buildRules = (
			);
			dependencies = (
				C91802D12AA0EA90000E9E4E /* PBXTargetDependency */,
			);
			name = ImagesListServiceTests;
			productName = ImagesListServiceTests;
			productReference = C91802CC2AA0EA90000E9E4E /* ImagesListServiceTests.xctest */;
			productType = "com.apple.product-type.bundle.unit-test";
		};
		C942227F2A544CBD0005A92B /* ImageFeed */ = {
			isa = PBXNativeTarget;
			buildConfigurationList = C94222942A544CC30005A92B /* Build configuration list for PBXNativeTarget "ImageFeed" */;
			buildPhases = (
				C942227C2A544CBD0005A92B /* Sources */,
				C942227D2A544CBD0005A92B /* Frameworks */,
				C942227E2A544CBD0005A92B /* Resources */,
			);
			buildRules = (
			);
			dependencies = (
			);
			name = ImageFeed;
			packageProductDependencies = (
				C9CF59212A8EBAD10050B833 /* ProgressHUD */,
				C975511E2A98FC1100167354 /* Kingfisher */,
				C97551212A9967A100167354 /* SwiftKeychainWrapper */,
			);
			productName = ImageFeed;
			productReference = C94222802A544CBD0005A92B /* ImageFeed.app */;
			productType = "com.apple.product-type.application";
		};
/* End PBXNativeTarget section */

/* Begin PBXProject section */
		C94222782A544CBD0005A92B /* Project object */ = {
			isa = PBXProject;
			attributes = {
				BuildIndependentTargetsInParallel = 1;
				LastSwiftUpdateCheck = 1430;
				LastUpgradeCheck = 1430;
				TargetAttributes = {
					C91802CB2AA0EA90000E9E4E = {
						CreatedOnToolsVersion = 14.3;
						TestTargetID = C942227F2A544CBD0005A92B;
					};
					C942227F2A544CBD0005A92B = {
						CreatedOnToolsVersion = 14.3;
					};
				};
			};
			buildConfigurationList = C942227B2A544CBD0005A92B /* Build configuration list for PBXProject "ImageFeed" */;
			compatibilityVersion = "Xcode 14.0";
			developmentRegion = en;
			hasScannedForEncodings = 0;
			knownRegions = (
				en,
				Base,
			);
			mainGroup = C94222772A544CBD0005A92B;
			packageReferences = (
				C9CF59202A8EBAD10050B833 /* XCRemoteSwiftPackageReference "ProgressHUD" */,
				C975511D2A98FC1100167354 /* XCRemoteSwiftPackageReference "Kingfisher" */,
				C97551202A9967A100167354 /* XCRemoteSwiftPackageReference "SwiftKeychainWrapper" */,
			);
			productRefGroup = C94222812A544CBD0005A92B /* Products */;
			projectDirPath = "";
			projectRoot = "";
			targets = (
				C942227F2A544CBD0005A92B /* ImageFeed */,
				C91802CB2AA0EA90000E9E4E /* ImagesListServiceTests */,
			);
		};
/* End PBXProject section */

/* Begin PBXResourcesBuildPhase section */
		C91802CA2AA0EA90000E9E4E /* Resources */ = {
			isa = PBXResourcesBuildPhase;
			buildActionMask = 2147483647;
			files = (
			);
			runOnlyForDeploymentPostprocessing = 0;
		};
		C942227E2A544CBD0005A92B /* Resources */ = {
			isa = PBXResourcesBuildPhase;
			buildActionMask = 2147483647;
			files = (
				C94222902A544CC30005A92B /* LaunchScreen.storyboard in Resources */,
				C942228D2A544CC30005A92B /* Assets.xcassets in Resources */,
				C942228B2A544CBD0005A92B /* Main.storyboard in Resources */,
			);
			runOnlyForDeploymentPostprocessing = 0;
		};
/* End PBXResourcesBuildPhase section */

/* Begin PBXSourcesBuildPhase section */
		C91802C82AA0EA90000E9E4E /* Sources */ = {
			isa = PBXSourcesBuildPhase;
			buildActionMask = 2147483647;
			files = (
				C91802CF2AA0EA90000E9E4E /* ImagesListServiceTests.swift in Sources */,
			);
			runOnlyForDeploymentPostprocessing = 0;
		};
		C942227C2A544CBD0005A92B /* Sources */ = {
			isa = PBXSourcesBuildPhase;
			buildActionMask = 2147483647;
			files = (
				C9F38C032A828B0000C83E4A /* WebViewViewController.swift in Sources */,
				C9CF592B2A939BE30050B833 /* Profile.swift in Sources */,
				C9FFC1D12A6BDC4500C859BE /* ProfileViewController.swift in Sources */,
				C94222882A544CBD0005A92B /* ImagesListViewController.swift in Sources */,
				C98A17C12A85957B008FBD2A /* AuthViewControllerDelegate.swift in Sources */,
				C9D46BD62A94F55300E6A93E /* UserResult.swift in Sources */,
				C98A17BA2A851FBE008FBD2A /* OAuth2Service.swift in Sources */,
				C94222842A544CBD0005A92B /* AppDelegate.swift in Sources */,
				C943F8312AA0D7CE0032E615 /* String+Extension.swift in Sources */,
				C98A17BF2A859505008FBD2A /* WebViewViewControllerDelegate.swift in Sources */,
				C9CF592F2A93F9690050B833 /* URLSession.swift in Sources */,
				C98A17B72A851EE3008FBD2A /* OAuthTokenResponseBody.swift in Sources */,
				C9FFC1D32A6EDC1100C859BE /* SingleImageViewController.swift in Sources */,
				C9BD1E622A589CCA0052C9BD /* ImagesListCell.swift in Sources */,
				C9F1C1F12A8E1C2900B77061 /* RootNavigationController.swift in Sources */,
				C94222862A544CBD0005A92B /* SceneDelegate.swift in Sources */,
				C942229B2A54B70F0005A92B /* UIColor+Extension.swift in Sources */,
				C9CF59292A939B540050B833 /* ProfileResult.swift in Sources */,
				C9BA2A8E2A9FD2A7007ABA19 /* Photo.swift in Sources */,
				C9F1C1EA2A8D130B00B77061 /* AlertModel.swift in Sources */,
				C9F1C1EC2A8D138300B77061 /* AlertPresenterProtocol.swift in Sources */,
				C9F38C002A7C516400C83E4A /* AuthViewController.swift in Sources */,
				C9BA2A902A9FDBA8007ABA19 /* PhotoResult.swift in Sources */,
				C9F1C1EF2A8D149D00B77061 /* AlertPresenter.swift in Sources */,
				C9CF592D2A93F9130050B833 /* URLRequest.swift in Sources */,
				C98A17BC2A852094008FBD2A /* OAuth2TokenStorage.swift in Sources */,
				C97551242A9A068700167354 /* TabBarController.swift in Sources */,
				C946407C2A785A90003215B3 /* Constants.swift in Sources */,
				C9BA2A8C2A9FD1BD007ABA19 /* ImagesListService.swift in Sources */,
				C9BA2A922A9FE387007ABA19 /* Date+Extension.swift in Sources */,
				C98A17C42A859C28008FBD2A /* SplashViewController.swift in Sources */,
				C9D46BD42A94F50D00E6A93E /* ProfileImageService.swift in Sources */,
				C9CF59242A9024880050B833 /* UIBlockingProgressHUD.swift in Sources */,
				C9CF59272A939A120050B833 /* ProfileService.swift in Sources */,
			);
			runOnlyForDeploymentPostprocessing = 0;
		};
/* End PBXSourcesBuildPhase section */

/* Begin PBXTargetDependency section */
		C91802D12AA0EA90000E9E4E /* PBXTargetDependency */ = {
			isa = PBXTargetDependency;
			target = C942227F2A544CBD0005A92B /* ImageFeed */;
			targetProxy = C91802D02AA0EA90000E9E4E /* PBXContainerItemProxy */;
		};
/* End PBXTargetDependency section */

/* Begin PBXVariantGroup section */
		C94222892A544CBD0005A92B /* Main.storyboard */ = {
			isa = PBXVariantGroup;
			children = (
				C942228A2A544CBD0005A92B /* Base */,
			);
			name = Main.storyboard;
			sourceTree = "<group>";
		};
		C942228E2A544CC30005A92B /* LaunchScreen.storyboard */ = {
			isa = PBXVariantGroup;
			children = (
				C942228F2A544CC30005A92B /* Base */,
			);
			name = LaunchScreen.storyboard;
			sourceTree = "<group>";
		};
/* End PBXVariantGroup section */

/* Begin XCBuildConfiguration section */
		C91802D32AA0EA90000E9E4E /* Debug */ = {
			isa = XCBuildConfiguration;
			buildSettings = {
				BUNDLE_LOADER = "$(TEST_HOST)";
				CODE_SIGN_STYLE = Automatic;
				CURRENT_PROJECT_VERSION = 1;
				DEVELOPMENT_TEAM = PYCAA238P6;
				GENERATE_INFOPLIST_FILE = YES;
				IPHONEOS_DEPLOYMENT_TARGET = 13.0;
				MARKETING_VERSION = 1.0;
				PRODUCT_BUNDLE_IDENTIFIER = ru.superaydumov.yandex.practicum.ImagesListServiceTests;
				PRODUCT_NAME = "$(TARGET_NAME)";
				SWIFT_EMIT_LOC_STRINGS = NO;
				SWIFT_VERSION = 5.0;
				TARGETED_DEVICE_FAMILY = "1,2";
				TEST_HOST = "$(BUILT_PRODUCTS_DIR)/ImageFeed.app/$(BUNDLE_EXECUTABLE_FOLDER_PATH)/ImageFeed";
			};
			name = Debug;
		};
		C91802D42AA0EA90000E9E4E /* Release */ = {
			isa = XCBuildConfiguration;
			buildSettings = {
				BUNDLE_LOADER = "$(TEST_HOST)";
				CODE_SIGN_STYLE = Automatic;
				CURRENT_PROJECT_VERSION = 1;
				DEVELOPMENT_TEAM = PYCAA238P6;
				GENERATE_INFOPLIST_FILE = YES;
				IPHONEOS_DEPLOYMENT_TARGET = 13.0;
				MARKETING_VERSION = 1.0;
				PRODUCT_BUNDLE_IDENTIFIER = ru.superaydumov.yandex.practicum.ImagesListServiceTests;
				PRODUCT_NAME = "$(TARGET_NAME)";
				SWIFT_EMIT_LOC_STRINGS = NO;
				SWIFT_VERSION = 5.0;
				TARGETED_DEVICE_FAMILY = "1,2";
				TEST_HOST = "$(BUILT_PRODUCTS_DIR)/ImageFeed.app/$(BUNDLE_EXECUTABLE_FOLDER_PATH)/ImageFeed";
			};
			name = Release;
		};
		C94222922A544CC30005A92B /* Debug */ = {
			isa = XCBuildConfiguration;
			buildSettings = {
				ALWAYS_SEARCH_USER_PATHS = NO;
				CLANG_ANALYZER_NONNULL = YES;
				CLANG_ANALYZER_NUMBER_OBJECT_CONVERSION = YES_AGGRESSIVE;
				CLANG_CXX_LANGUAGE_STANDARD = "gnu++20";
				CLANG_ENABLE_MODULES = YES;
				CLANG_ENABLE_OBJC_ARC = YES;
				CLANG_ENABLE_OBJC_WEAK = YES;
				CLANG_WARN_BLOCK_CAPTURE_AUTORELEASING = YES;
				CLANG_WARN_BOOL_CONVERSION = YES;
				CLANG_WARN_COMMA = YES;
				CLANG_WARN_CONSTANT_CONVERSION = YES;
				CLANG_WARN_DEPRECATED_OBJC_IMPLEMENTATIONS = YES;
				CLANG_WARN_DIRECT_OBJC_ISA_USAGE = YES_ERROR;
				CLANG_WARN_DOCUMENTATION_COMMENTS = YES;
				CLANG_WARN_EMPTY_BODY = YES;
				CLANG_WARN_ENUM_CONVERSION = YES;
				CLANG_WARN_INFINITE_RECURSION = YES;
				CLANG_WARN_INT_CONVERSION = YES;
				CLANG_WARN_NON_LITERAL_NULL_CONVERSION = YES;
				CLANG_WARN_OBJC_IMPLICIT_RETAIN_SELF = YES;
				CLANG_WARN_OBJC_LITERAL_CONVERSION = YES;
				CLANG_WARN_OBJC_ROOT_CLASS = YES_ERROR;
				CLANG_WARN_QUOTED_INCLUDE_IN_FRAMEWORK_HEADER = YES;
				CLANG_WARN_RANGE_LOOP_ANALYSIS = YES;
				CLANG_WARN_STRICT_PROTOTYPES = YES;
				CLANG_WARN_SUSPICIOUS_MOVE = YES;
				CLANG_WARN_UNGUARDED_AVAILABILITY = YES_AGGRESSIVE;
				CLANG_WARN_UNREACHABLE_CODE = YES;
				CLANG_WARN__DUPLICATE_METHOD_MATCH = YES;
				COPY_PHASE_STRIP = NO;
				DEBUG_INFORMATION_FORMAT = dwarf;
				ENABLE_STRICT_OBJC_MSGSEND = YES;
				ENABLE_TESTABILITY = YES;
				GCC_C_LANGUAGE_STANDARD = gnu11;
				GCC_DYNAMIC_NO_PIC = NO;
				GCC_NO_COMMON_BLOCKS = YES;
				GCC_OPTIMIZATION_LEVEL = 0;
				GCC_PREPROCESSOR_DEFINITIONS = (
					"DEBUG=1",
					"$(inherited)",
				);
				GCC_WARN_64_TO_32_BIT_CONVERSION = YES;
				GCC_WARN_ABOUT_RETURN_TYPE = YES_ERROR;
				GCC_WARN_UNDECLARED_SELECTOR = YES;
				GCC_WARN_UNINITIALIZED_AUTOS = YES_AGGRESSIVE;
				GCC_WARN_UNUSED_FUNCTION = YES;
				GCC_WARN_UNUSED_VARIABLE = YES;
				IPHONEOS_DEPLOYMENT_TARGET = 13.0;
				MTL_ENABLE_DEBUG_INFO = INCLUDE_SOURCE;
				MTL_FAST_MATH = YES;
				ONLY_ACTIVE_ARCH = YES;
				SDKROOT = iphoneos;
				SWIFT_ACTIVE_COMPILATION_CONDITIONS = DEBUG;
				SWIFT_OPTIMIZATION_LEVEL = "-Onone";
			};
			name = Debug;
		};
		C94222932A544CC30005A92B /* Release */ = {
			isa = XCBuildConfiguration;
			buildSettings = {
				ALWAYS_SEARCH_USER_PATHS = NO;
				CLANG_ANALYZER_NONNULL = YES;
				CLANG_ANALYZER_NUMBER_OBJECT_CONVERSION = YES_AGGRESSIVE;
				CLANG_CXX_LANGUAGE_STANDARD = "gnu++20";
				CLANG_ENABLE_MODULES = YES;
				CLANG_ENABLE_OBJC_ARC = YES;
				CLANG_ENABLE_OBJC_WEAK = YES;
				CLANG_WARN_BLOCK_CAPTURE_AUTORELEASING = YES;
				CLANG_WARN_BOOL_CONVERSION = YES;
				CLANG_WARN_COMMA = YES;
				CLANG_WARN_CONSTANT_CONVERSION = YES;
				CLANG_WARN_DEPRECATED_OBJC_IMPLEMENTATIONS = YES;
				CLANG_WARN_DIRECT_OBJC_ISA_USAGE = YES_ERROR;
				CLANG_WARN_DOCUMENTATION_COMMENTS = YES;
				CLANG_WARN_EMPTY_BODY = YES;
				CLANG_WARN_ENUM_CONVERSION = YES;
				CLANG_WARN_INFINITE_RECURSION = YES;
				CLANG_WARN_INT_CONVERSION = YES;
				CLANG_WARN_NON_LITERAL_NULL_CONVERSION = YES;
				CLANG_WARN_OBJC_IMPLICIT_RETAIN_SELF = YES;
				CLANG_WARN_OBJC_LITERAL_CONVERSION = YES;
				CLANG_WARN_OBJC_ROOT_CLASS = YES_ERROR;
				CLANG_WARN_QUOTED_INCLUDE_IN_FRAMEWORK_HEADER = YES;
				CLANG_WARN_RANGE_LOOP_ANALYSIS = YES;
				CLANG_WARN_STRICT_PROTOTYPES = YES;
				CLANG_WARN_SUSPICIOUS_MOVE = YES;
				CLANG_WARN_UNGUARDED_AVAILABILITY = YES_AGGRESSIVE;
				CLANG_WARN_UNREACHABLE_CODE = YES;
				CLANG_WARN__DUPLICATE_METHOD_MATCH = YES;
				COPY_PHASE_STRIP = NO;
				DEBUG_INFORMATION_FORMAT = "dwarf-with-dsym";
				ENABLE_NS_ASSERTIONS = NO;
				ENABLE_STRICT_OBJC_MSGSEND = YES;
				GCC_C_LANGUAGE_STANDARD = gnu11;
				GCC_NO_COMMON_BLOCKS = YES;
				GCC_WARN_64_TO_32_BIT_CONVERSION = YES;
				GCC_WARN_ABOUT_RETURN_TYPE = YES_ERROR;
				GCC_WARN_UNDECLARED_SELECTOR = YES;
				GCC_WARN_UNINITIALIZED_AUTOS = YES_AGGRESSIVE;
				GCC_WARN_UNUSED_FUNCTION = YES;
				GCC_WARN_UNUSED_VARIABLE = YES;
				IPHONEOS_DEPLOYMENT_TARGET = 13.0;
				MTL_ENABLE_DEBUG_INFO = NO;
				MTL_FAST_MATH = YES;
				SDKROOT = iphoneos;
				SWIFT_COMPILATION_MODE = wholemodule;
				SWIFT_OPTIMIZATION_LEVEL = "-O";
				VALIDATE_PRODUCT = YES;
			};
			name = Release;
		};
		C94222952A544CC30005A92B /* Debug */ = {
			isa = XCBuildConfiguration;
			buildSettings = {
				ASSETCATALOG_COMPILER_APPICON_NAME = AppIcon;
				ASSETCATALOG_COMPILER_GLOBAL_ACCENT_COLOR_NAME = AccentColor;
				CODE_SIGN_STYLE = Automatic;
				CURRENT_PROJECT_VERSION = 1;
				DEVELOPMENT_TEAM = PYCAA238P6;
				GENERATE_INFOPLIST_FILE = YES;
				INFOPLIST_FILE = ImageFeed/Info.plist;
				INFOPLIST_KEY_UIApplicationSupportsIndirectInputEvents = YES;
				INFOPLIST_KEY_UILaunchStoryboardName = LaunchScreen;
				INFOPLIST_KEY_UIMainStoryboardFile = Main;
				INFOPLIST_KEY_UIStatusBarHidden = NO;
				INFOPLIST_KEY_UIStatusBarStyle = "";
				INFOPLIST_KEY_UISupportedInterfaceOrientations_iPhone = UIInterfaceOrientationPortrait;
				IPHONEOS_DEPLOYMENT_TARGET = 13.0;
				LD_RUNPATH_SEARCH_PATHS = (
					"$(inherited)",
					"@executable_path/Frameworks",
				);
				MARKETING_VERSION = 1.0;
				PRODUCT_BUNDLE_IDENTIFIER = ru.superaydumov.yandex.practicum.ImageFeed;
				PRODUCT_NAME = "$(TARGET_NAME)";
				SUPPORTED_PLATFORMS = "iphoneos iphonesimulator";
				SUPPORTS_MACCATALYST = NO;
				SUPPORTS_MAC_DESIGNED_FOR_IPHONE_IPAD = YES;
				SWIFT_EMIT_LOC_STRINGS = YES;
				SWIFT_VERSION = 5.0;
				TARGETED_DEVICE_FAMILY = 1;
			};
			name = Debug;
		};
		C94222962A544CC30005A92B /* Release */ = {
			isa = XCBuildConfiguration;
			buildSettings = {
				ASSETCATALOG_COMPILER_APPICON_NAME = AppIcon;
				ASSETCATALOG_COMPILER_GLOBAL_ACCENT_COLOR_NAME = AccentColor;
				CODE_SIGN_STYLE = Automatic;
				CURRENT_PROJECT_VERSION = 1;
				DEVELOPMENT_TEAM = PYCAA238P6;
				GENERATE_INFOPLIST_FILE = YES;
				INFOPLIST_FILE = ImageFeed/Info.plist;
				INFOPLIST_KEY_UIApplicationSupportsIndirectInputEvents = YES;
				INFOPLIST_KEY_UILaunchStoryboardName = LaunchScreen;
				INFOPLIST_KEY_UIMainStoryboardFile = Main;
				INFOPLIST_KEY_UIStatusBarHidden = NO;
				INFOPLIST_KEY_UIStatusBarStyle = "";
				INFOPLIST_KEY_UISupportedInterfaceOrientations_iPhone = UIInterfaceOrientationPortrait;
				IPHONEOS_DEPLOYMENT_TARGET = 13.0;
				LD_RUNPATH_SEARCH_PATHS = (
					"$(inherited)",
					"@executable_path/Frameworks",
				);
				MARKETING_VERSION = 1.0;
				PRODUCT_BUNDLE_IDENTIFIER = ru.superaydumov.yandex.practicum.ImageFeed;
				PRODUCT_NAME = "$(TARGET_NAME)";
				SUPPORTED_PLATFORMS = "iphoneos iphonesimulator";
				SUPPORTS_MACCATALYST = NO;
				SUPPORTS_MAC_DESIGNED_FOR_IPHONE_IPAD = YES;
				SWIFT_EMIT_LOC_STRINGS = YES;
				SWIFT_VERSION = 5.0;
				TARGETED_DEVICE_FAMILY = 1;
			};
			name = Release;
		};
/* End XCBuildConfiguration section */

/* Begin XCConfigurationList section */
		C91802D22AA0EA90000E9E4E /* Build configuration list for PBXNativeTarget "ImagesListServiceTests" */ = {
			isa = XCConfigurationList;
			buildConfigurations = (
				C91802D32AA0EA90000E9E4E /* Debug */,
				C91802D42AA0EA90000E9E4E /* Release */,
			);
			defaultConfigurationIsVisible = 0;
			defaultConfigurationName = Release;
		};
		C942227B2A544CBD0005A92B /* Build configuration list for PBXProject "ImageFeed" */ = {
			isa = XCConfigurationList;
			buildConfigurations = (
				C94222922A544CC30005A92B /* Debug */,
				C94222932A544CC30005A92B /* Release */,
			);
			defaultConfigurationIsVisible = 0;
			defaultConfigurationName = Release;
		};
		C94222942A544CC30005A92B /* Build configuration list for PBXNativeTarget "ImageFeed" */ = {
			isa = XCConfigurationList;
			buildConfigurations = (
				C94222952A544CC30005A92B /* Debug */,
				C94222962A544CC30005A92B /* Release */,
			);
			defaultConfigurationIsVisible = 0;
			defaultConfigurationName = Release;
		};
/* End XCConfigurationList section */

/* Begin XCRemoteSwiftPackageReference section */
		C975511D2A98FC1100167354 /* XCRemoteSwiftPackageReference "Kingfisher" */ = {
			isa = XCRemoteSwiftPackageReference;
			repositoryURL = "https://github.com/onevcat/Kingfisher";
			requirement = {
				kind = exactVersion;
				version = 7.9.0;
			};
		};
		C97551202A9967A100167354 /* XCRemoteSwiftPackageReference "SwiftKeychainWrapper" */ = {
			isa = XCRemoteSwiftPackageReference;
			repositoryURL = "https://github.com/jrendel/SwiftKeychainWrapper";
			requirement = {
				kind = exactVersion;
				version = 4.0.1;
			};
		};
		C9CF59202A8EBAD10050B833 /* XCRemoteSwiftPackageReference "ProgressHUD" */ = {
			isa = XCRemoteSwiftPackageReference;
			repositoryURL = "https://github.com/relatedcode/ProgressHUD";
			requirement = {
				kind = exactVersion;
				version = 13.7.2;
			};
		};
/* End XCRemoteSwiftPackageReference section */

/* Begin XCSwiftPackageProductDependency section */
		C975511E2A98FC1100167354 /* Kingfisher */ = {
			isa = XCSwiftPackageProductDependency;
			package = C975511D2A98FC1100167354 /* XCRemoteSwiftPackageReference "Kingfisher" */;
			productName = Kingfisher;
		};
		C97551212A9967A100167354 /* SwiftKeychainWrapper */ = {
			isa = XCSwiftPackageProductDependency;
			package = C97551202A9967A100167354 /* XCRemoteSwiftPackageReference "SwiftKeychainWrapper" */;
			productName = SwiftKeychainWrapper;
		};
		C9CF59212A8EBAD10050B833 /* ProgressHUD */ = {
			isa = XCSwiftPackageProductDependency;
			package = C9CF59202A8EBAD10050B833 /* XCRemoteSwiftPackageReference "ProgressHUD" */;
			productName = ProgressHUD;
		};
/* End XCSwiftPackageProductDependency section */
	};
	rootObject = C94222782A544CBD0005A92B /* Project object */;
}
